
Microsoft Visual Studio Solution File, Format Version 12.00
# Visual Studio Version 17
VisualStudioVersion = 17.13.35825.156 d17.13
MinimumVisualStudioVersion = 10.0.40219.1
Project("{D2ABAB84-BF74-430A-B69E-9DC6D40DDA17}") = "Ssasts", "Ssasts\Ssasts.dwproj", "{F6F9D6C8-B09F-10D0-0FA5-D33FA4A8C81F}"
EndProject
Global
	GlobalSection(SolutionConfigurationPlatforms) = preSolution
		Development|Default = Development|Default
	EndGlobalSection
	GlobalSection(ProjectConfigurationPlatforms) = postSolution
		{F6F9D6C8-B09F-10D0-0FA5-D33FA4A8C81F}.Development|Default.ActiveCfg = Development
		{F6F9D6C8-B09F-10D0-0FA5-D33FA4A8C81F}.Development|Default.Build.0 = Development
		{F6F9D6C8-B09F-10D0-0FA5-D33FA4A8C81F}.Development|Default.Deploy.0 = Development
	EndGlobalSection
	GlobalSection(SolutionProperties) = preSolution
		HideSolutionNode = FALSE
	EndGlobalSection
	GlobalSection(ExtensibilityGlobals) = postSolution
		SolutionGuid = {F92C8730-B16B-4454-9B69-70D831C0B926}
	EndGlobalSection
EndGlobal
